// !$*UTF8*$!
{
	archiveVersion = 1;
	classes = {
	};
	objectVersion = 46;
	objects = {

/* Begin PBXBuildFile section */
		B9ABFBCD15B9621C007D0BDE /* UIKit.framework in Frameworks */ = {isa = PBXBuildFile; fileRef = B9ABFBCC15B9621C007D0BDE /* UIKit.framework */; };
		B9ABFBCF15B9621C007D0BDE /* Foundation.framework in Frameworks */ = {isa = PBXBuildFile; fileRef = B9ABFBCE15B9621C007D0BDE /* Foundation.framework */; };
		B9ABFBD115B9621C007D0BDE /* CoreGraphics.framework in Frameworks */ = {isa = PBXBuildFile; fileRef = B9ABFBD015B9621C007D0BDE /* CoreGraphics.framework */; };
		B9ABFBD715B9621C007D0BDE /* InfoPlist.strings in Resources */ = {isa = PBXBuildFile; fileRef = B9ABFBD515B9621C007D0BDE /* InfoPlist.strings */; };
		B9ABFBD915B9621C007D0BDE /* main.m in Sources */ = {isa = PBXBuildFile; fileRef = B9ABFBD815B9621C007D0BDE /* main.m */; };
		B9ABFBDD15B9621C007D0BDE /* AppDelegate.m in Sources */ = {isa = PBXBuildFile; fileRef = B9ABFBDC15B9621C007D0BDE /* AppDelegate.m */; };
/* End PBXBuildFile section */

/* Begin PBXFileReference section */
		B9ABFBC815B9621C007D0BDE /* CustomTable.app */ = {isa = PBXFileReference; explicitFileType = wrapper.application; includeInIndex = 0; path = CustomTable.app; sourceTree = BUILT_PRODUCTS_DIR; };
		B9ABFBCC15B9621C007D0BDE /* UIKit.framework */ = {isa = PBXFileReference; lastKnownFileType = wrapper.framework; name = UIKit.framework; path = System/Library/Frameworks/UIKit.framework; sourceTree = SDKROOT; };
		B9ABFBCE15B9621C007D0BDE /* Foundation.framework */ = {isa = PBXFileReference; lastKnownFileType = wrapper.framework; name = Foundation.framework; path = System/Library/Frameworks/Foundation.framework; sourceTree = SDKROOT; };
		B9ABFBD015B9621C007D0BDE /* CoreGraphics.framework */ = {isa = PBXFileReference; lastKnownFileType = wrapper.framework; name = CoreGraphics.framework; path = System/Library/Frameworks/CoreGraphics.framework; sourceTree = SDKROOT; };
		B9ABFBD415B9621C007D0BDE /* CustomTable-Info.plist */ = {isa = PBXFileReference; path = "CustomTable-Info.plist"; sourceTree = "<group>"; };
		B9ABFBD615B9621C007D0BDE /* en */ = {isa = PBXFileReference; lastKnownFileType = text.plist.strings; name = en; path = en.lproj/InfoPlist.strings; sourceTree = "<group>"; };
		B9ABFBD815B9621C007D0BDE /* main.m */ = {isa = PBXFileReference; lastKnownFileType = sourcecode.c.objc; path = main.m; sourceTree = "<group>"; };
		B9ABFBDA15B9621C007D0BDE /* CustomTable-Prefix.pch */ = {isa = PBXFileReference; path = "CustomTable-Prefix.pch"; sourceTree = "<group>"; };
		B9ABFBDB15B9621C007D0BDE /* AppDelegate.h */ = {isa = PBXFileReference; path = AppDelegate.h; sourceTree = "<group>"; };
		B9ABFBDC15B9621C007D0BDE /* AppDelegate.m */ = {isa = PBXFileReference; lastKnownFileType = sourcecode.c.objc; path = AppDelegate.m; sourceTree = "<group>"; };
/* End PBXFileReference section */

/* Begin PBXFrameworksBuildPhase section */
		B9ABFBC515B9621C007D0BDE /* Frameworks */ = {
			isa = PBXFrameworksBuildPhase;
			buildActionMask = 2147483647;
			files = (
				B9ABFBCD15B9621C007D0BDE /* UIKit.framework in Frameworks */,
				B9ABFBCF15B9621C007D0BDE /* Foundation.framework in Frameworks */,
				B9ABFBD115B9621C007D0BDE /* CoreGraphics.framework in Frameworks */,
			);
			runOnlyForDeploymentPostprocessing = 0;
		};
/* End PBXFrameworksBuildPhase section */

/* Begin PBXGroup section */
		B9ABFBBD15B9621C007D0BDE = {
			isa = PBXGroup;
			children = (
				B9ABFBD215B9621C007D0BDE /* CustomTable */,
				B9ABFBCB15B9621C007D0BDE /* Frameworks */,
				B9ABFBC915B9621C007D0BDE /* Products */,
			);
			sourceTree = "<group>";
		};
		B9ABFBC915B9621C007D0BDE /* Products */ = {
			isa = PBXGroup;
			children = (
				B9ABFBC815B9621C007D0BDE /* CustomTable.app */,
			);
			name = Products;
			sourceTree = "<group>";
		};
		B9ABFBCB15B9621C007D0BDE /* Frameworks */ = {
			isa = PBXGroup;
			children = (
				B9ABFBCC15B9621C007D0BDE /* UIKit.framework */,
				B9ABFBCE15B9621C007D0BDE /* Foundation.framework */,
				B9ABFBD015B9621C007D0BDE /* CoreGraphics.framework */,
			);
			name = Frameworks;
			sourceTree = "<group>";
		};
		B9ABFBD215B9621C007D0BDE /* CustomTable */ = {
			isa = PBXGroup;
			children = (
				B9ABFBDB15B9621C007D0BDE /* AppDelegate.h */,
				B9ABFBDC15B9621C007D0BDE /* AppDelegate.m */,
				B9ABFBD315B9621C007D0BDE /* Supporting Files */,
			);
			path = CustomTable;
			sourceTree = "<group>";
		};
		B9ABFBD315B9621C007D0BDE /* Supporting Files */ = {
			isa = PBXGroup;
			children = (
				B9ABFBD415B9621C007D0BDE /* CustomTable-Info.plist */,
				B9ABFBD515B9621C007D0BDE /* InfoPlist.strings */,
				B9ABFBD815B9621C007D0BDE /* main.m */,
				B9ABFBDA15B9621C007D0BDE /* CustomTable-Prefix.pch */,
			);
			name = "Supporting Files";
			sourceTree = "<group>";
		};
/* End PBXGroup section */

/* Begin PBXNativeTarget section */
		B9ABFBC715B9621C007D0BDE /* CustomTable */ = {
			isa = PBXNativeTarget;
			buildConfigurationList = B9ABFBE015B9621C007D0BDE /* Build configuration list for PBXNativeTarget "CustomTable" */;
			buildPhases = (
				B9ABFBC415B9621C007D0BDE /* Sources */,
				B9ABFBC515B9621C007D0BDE /* Frameworks */,
				B9ABFBC615B9621C007D0BDE /* Resources */,
			);
			buildRules = (
			);
			dependencies = (
			);
			name = CustomTable;
			productName = CustomTable;
			productReference = B9ABFBC815B9621C007D0BDE /* CustomTable.app */;
			productType = "com.apple.product-type.application";
		};
/* End PBXNativeTarget section */

/* Begin PBXProject section */
		B9ABFBBF15B9621C007D0BDE /* Project object */ = {
			isa = PBXProject;
			attributes = {
				LastUpgradeCheck = 0420;
			};
			buildConfigurationList = B9ABFBC215B9621C007D0BDE /* Build configuration list for PBXProject "CustomTable" */;
			compatibilityVersion = "Xcode 3.2";
			developmentRegion = English;
			hasScannedForEncodings = 0;
			knownRegions = (
				en,
			);
			mainGroup = B9ABFBBD15B9621C007D0BDE;
			productRefGroup = B9ABFBC915B9621C007D0BDE /* Products */;
			projectDirPath = "";
			projectRoot = "";
			targets = (
				B9ABFBC715B9621C007D0BDE /* CustomTable */,
			);
		};
/* End PBXProject section */

/* Begin PBXResourcesBuildPhase section */
		B9ABFBC615B9621C007D0BDE /* Resources */ = {
			isa = PBXResourcesBuildPhase;
			buildActionMask = 2147483647;
			files = (
				B9ABFBD715B9621C007D0BDE /* InfoPlist.strings in Resources */,
			);
			runOnlyForDeploymentPostprocessing = 0;
		};
/* End PBXResourcesBuildPhase section */

/* Begin PBXSourcesBuildPhase section */
		B9ABFBC415B9621C007D0BDE /* Sources */ = {
			isa = PBXSourcesBuildPhase;
			buildActionMask = 2147483647;
			files = (
				B9ABFBD915B9621C007D0BDE /* main.m in Sources */,
				B9ABFBDD15B9621C007D0BDE /* AppDelegate.m in Sources */,
			);
			runOnlyForDeploymentPostprocessing = 0;
		};
/* End PBXSourcesBuildPhase section */

/* Begin PBXVariantGroup section */
		B9ABFBD515B9621C007D0BDE /* InfoPlist.strings */ = {
			isa = PBXVariantGroup;
			children = (
				B9ABFBD615B9621C007D0BDE /* en */,
			);
			name = InfoPlist.strings;
			sourceTree = "<group>";
		};
/* End PBXVariantGroup section */

/* Begin XCBuildConfiguration section */
		B9ABFBDE15B9621C007D0BDE /* Debug */ = {
			isa = XCBuildConfiguration;
			buildSettings = {
				ALWAYS_SEARCH_USER_PATHS = NO;
				ARCHS = "$(ARCHS_STANDARD_32_BIT)";
				CLANG_ENABLE_OBJC_ARC = YES;
				"CODE_SIGN_IDENTITY[sdk=iphoneos*]" = "iPhone Developer";
				COPY_PHASE_STRIP = NO;
				GCC_C_LANGUAGE_STANDARD = gnu99;
				GCC_DYNAMIC_NO_PIC = NO;
				GCC_OPTIMIZATION_LEVEL = 0;
				GCC_PREPROCESSOR_DEFINITIONS = (
					"DEBUG=1",
					"$(inherited)",
				);
				GCC_SYMBOLS_PRIVATE_EXTERN = NO;
				GCC_VERSION = com.apple.compilers.llvm.clang.1_0;
				GCC_WARN_ABOUT_MISSING_PROTOTYPES = YES;
				GCC_WARN_ABOUT_RETURN_TYPE = YES;
				GCC_WARN_UNUSED_VARIABLE = YES;
				IPHONEOS_DEPLOYMENT_TARGET = 5.0;
				SDKROOT = iphoneos;
				TARGETED_DEVICE_FAMILY = 2;
			};
			name = Debug;
		};
		B9ABFBDF15B9621C007D0BDE /* Release */ = {
			isa = XCBuildConfiguration;
			buildSettings = {
				ALWAYS_SEARCH_USER_PATHS = NO;
				ARCHS = "$(ARCHS_STANDARD_32_BIT)";
				CLANG_ENABLE_OBJC_ARC = YES;
				"CODE_SIGN_IDENTITY[sdk=iphoneos*]" = "iPhone Developer";
				COPY_PHASE_STRIP = YES;
				GCC_C_LANGUAGE_STANDARD = gnu99;
				GCC_VERSION = com.apple.compilers.llvm.clang.1_0;
				GCC_WARN_ABOUT_MISSING_PROTOTYPES = YES;
				GCC_WARN_ABOUT_RETURN_TYPE = YES;
				GCC_WARN_UNUSED_VARIABLE = YES;
				IPHONEOS_DEPLOYMENT_TARGET = 5.0;
				OTHER_CFLAGS = "-DNS_BLOCK_ASSERTIONS=1";
				SDKROOT = iphoneos;
				TARGETED_DEVICE_FAMILY = 2;
				VALIDATE_PRODUCT = YES;
			};
			name = Release;
		};
		B9ABFBE115B9621C007D0BDE /* Debug */ = {
			isa = XCBuildConfiguration;
			buildSettings = {
				GCC_PRECOMPILE_PREFIX_HEADER = YES;
				GCC_PREFIX_HEADER = "CustomTable/CustomTable-Prefix.pch";
				INFOPLIST_FILE = "CustomTable/CustomTable-Info.plist";
				PRODUCT_NAME = "$(TARGET_NAME)";
				WRAPPER_EXTENSION = app;
			};
			name = Debug;
		};
		B9ABFBE215B9621C007D0BDE /* Release */ = {
			isa = XCBuildConfiguration;
			buildSettings = {
				GCC_PRECOMPILE_PREFIX_HEADER = YES;
				GCC_PREFIX_HEADER = "CustomTable/CustomTable-Prefix.pch";
				INFOPLIST_FILE = "CustomTable/CustomTable-Info.plist";
				PRODUCT_NAME = "$(TARGET_NAME)";
				WRAPPER_EXTENSION = app;
			};
			name = Release;
		};
/* End XCBuildConfiguration section */

/* Begin XCConfigurationList section */
		B9ABFBC215B9621C007D0BDE /* Build configuration list for PBXProject "CustomTable" */ = {
			isa = XCConfigurationList;
			buildConfigurations = (
				B9ABFBDE15B9621C007D0BDE /* Debug */,
				B9ABFBDF15B9621C007D0BDE /* Release */,
			);
			defaultConfigurationIsVisible = 0;
			defaultConfigurationName = Release;
		};
		B9ABFBE015B9621C007D0BDE /* Build configuration list for PBXNativeTarget "CustomTable" */ = {
			isa = XCConfigurationList;
			buildConfigurations = (
				B9ABFBE115B9621C007D0BDE /* Debug */,
				B9ABFBE215B9621C007D0BDE /* Release */,
			);
			defaultConfigurationIsVisible = 0;
		};
/* End XCConfigurationList section */
	};
	rootObject = B9ABFBBF15B9621C007D0BDE /* Project object */;
}
